{
   "name": "aix-config",
   "version": "1.0.0",
   "lockfileVersion": 3,
   "requires": true,
   "packages": {
      "": {
         "name": "aix-config",
         "version": "1.0.0",
         "license": "MIT",
         "devDependencies": {
            "@vvago/vale": "3.17.1"
         }
      },
      "node_modules/@isaacs/fs-minipass": {
         "version": "4.0.1",
         "resolved": "https://registry.npmjs.org/@isaacs/fs-minipass/-/fs-minipass-4.0.1.tgz",
         "integrity": "sha512-wgm9Ehl2jpeqP3zw/7mo3kRHFp5MEDhqAdwy1fTGkHAwnkGOVsgpvQhL8B5n1qlb01jV3n/bI0ZfZp5lWA1k4w==",
         "dev": true,
         "license": "ISC",
         "dependencies": {
            "minipass": "^7.0.4"
         },
         "engines": {
            "node": ">=18.0.0"
         }
      },
      "node_modules/@vvago/vale": {
         "version": "3.17.1",
         "resolved": "https://registry.npmjs.org/@vvago/vale/-/vale-3.17.1.tgz",
         "integrity": "sha512-UO8fgaPQoaoTJhMOzL5eIjsC52tH97PE1cCnXRZqsBmu6VDzjyyMcSztLX3UWiSswYzz046ckL296ngM9z/fAA==",
         "dev": true,
         "hasInstallScript": true,
         "license": "MIT",
         "dependencies": {
            "rimraf": "^6.1.3",
            "tar": "^7.5.15",
            "unzipper": "^0.12.3"
         },
         "bin": {
            "vale": "bin/vale"
         }
      },
      "node_modules/balanced-match": {
         "version": "4.0.4",
         "resolved": "https://registry.npmjs.org/balanced-match/-/balanced-match-4.0.4.tgz",
         "integrity": "sha512-BLrgEcRTwX2o6gGxGOCNyMvGSp35YofuYzw9h1IMTRmKqttAZZVU67bdb9Pr2vUHA8+j3i2tJfjO6C6+4myGTA==",
         "dev": true,
         "license": "MIT",
         "engines": {
            "node": "18 || 20 || >=22"
         }
      },
      "node_modules/bluebird": {
         "version": "3.7.2",
         "resolved": "https://registry.npmjs.org/bluebird/-/bluebird-3.7.2.tgz",
         "integrity": "sha512-XpNj6GDQzdfW+r2Wnn7xiSAd7TM3jzkxGXBGTtWKuSXv1xUV+azxAm8jdWZN06QTQk+2N2XB9jRDkvbmQmcRtg==",
         "dev": true,
         "license": "MIT"
      },
      "node_modules/brace-expansion": {
         "version": "5.0.9",
         "resolved": "https://registry.npmjs.org/brace-expansion/-/brace-expansion-5.0.9.tgz",
         "integrity": "sha512-ScQ4IuvIEF1TMlP7Zt+vjJ//9zlPb2SDcxWxM3bk8s6t6GGdJ7KO1dCcTidOPJKePW30LE/2cT7wCyPho9/Wxg==",
         "dev": true,
         "license": "MIT",
         "dependencies": {
            "balanced-match": "^4.0.2"
         },
         "engines": {
            "node": "20 || >=22"
         }
      },
      "node_modules/chownr": {
         "version": "3.0.0",
         "resolved": "https://registry.npmjs.org/chownr/-/chownr-3.0.0.tgz",
         "integrity": "sha512-+IxzY9BZOQd/XuYPRmrvEVjF/nqj5kgT4kEq7VofrDoM1MxoRjEWkrCC3EtLi59TVawxTAn+orJwFQcrqEN1+g==",
         "dev": true,
         "license": "BlueOak-1.0.0",
         "engines": {
            "node": ">=18"
         }
      },
      "node_modules/core-util-is": {
         "version": "1.0.3",
         "resolved": "https://registry.npmjs.org/core-util-is/-/core-util-is-1.0.3.tgz",
         "integrity": "sha512-ZQBvi1DcpJ4GDqanjucZ2Hj3wEO5pZDS89BWbkcrvdxksJorwUDDZamX9ldFkp9aw2lmBDLgkObEA4DWNJ9FYQ==",
         "dev": true,
         "license": "MIT"
      },
      "node_modules/duplexer2": {
         "version": "0.1.4",
         "resolved": "https://registry.npmjs.org/duplexer2/-/duplexer2-0.1.4.tgz",
         "integrity": "sha512-asLFVfWWtJ90ZyOUHMqk7/S2w2guQKxUI2itj3d92ADHhxUSbCMGi1f1cBcJ7xM1To+pE/Khbwo1yuNbMEPKeA==",
         "dev": true,
         "license": "BSD-3-Clause",
         "dependencies": {
            "readable-stream": "^2.0.2"
         }
      },
      "node_modules/fs-extra": {
         "version": "11.3.1",
         "resolved": "https://registry.npmjs.org/fs-extra/-/fs-extra-11.3.1.tgz",
         "integrity": "sha512-eXvGGwZ5CL17ZSwHWd3bbgk7UUpF6IFHtP57NYYakPvHOs8GDgDe5KJI36jIJzDkJ6eJjuzRA8eBQb6SkKue0g==",
         "dev": true,
         "license": "MIT",
         "dependencies": {
            "graceful-fs": "^4.2.0",
            "jsonfile": "^6.0.1",
            "universalify": "^2.0.0"
         },
         "engines": {
            "node": ">=14.14"
         }
      },
      "node_modules/glob": {
         "version": "13.0.6",
         "resolved": "https://registry.npmjs.org/glob/-/glob-13.0.6.tgz",
         "integrity": "sha512-Wjlyrolmm8uDpm/ogGyXZXb1Z+Ca2B8NbJwqBVg0axK9GbBeoS7yGV6vjXnYdGm6X53iehEuxxbyiKp8QmN4Vw==",
         "dev": true,
         "license": "BlueOak-1.0.0",
         "dependencies": {
            "minimatch": "^10.2.2",
            "minipass": "^7.1.3",
            "path-scurry": "^2.0.2"
         },
         "engines": {
            "node": "18 || 20 || >=22"
         },
         "funding": {
            "url": "https://github.com/sponsors/isaacs"
         }
      },
      "node_modules/graceful-fs": {
         "version": "4.2.11",
         "resolved": "https://registry.npmjs.org/graceful-fs/-/graceful-fs-4.2.11.tgz",
         "integrity": "sha512-RbJ5/jmFcNNCcDV5o9eTnBLJ/HszWV0P73bc+Ff4nS/rJj+YaS6IGyiOL0VoBYX+l1Wrl3k63h/KrH+nhJ0XvQ==",
         "dev": true,
         "license": "ISC"
      },
      "node_modules/inherits": {
         "version": "2.0.4",
         "resolved": "https://registry.npmjs.org/inherits/-/inherits-2.0.4.tgz",
         "integrity": "sha512-k/vGaX4/Yla3WzyMCvTQOXYeIHvqOKtnqBduzTHpzpQZzAskKMhZ2K+EnBiSM9zGSoIFeMpXKxa4dYeZIQqewQ==",
         "dev": true,
         "license": "ISC"
      },
      "node_modules/isarray": {
         "version": "1.0.0",
         "resolved": "https://registry.npmjs.org/isarray/-/isarray-1.0.0.tgz",
         "integrity": "sha512-VLghIWNM6ELQzo7zwmcg0NmTVyWKYjvIeM83yjp0wRDTmUnrM678fQbcKBo6n2CJEF0szoG//ytg+TKla89ALQ==",
         "dev": true,
         "license": "MIT"
      },
      "node_modules/jsonfile": {
         "version": "6.2.1",
         "resolved": "https://registry.npmjs.org/jsonfile/-/jsonfile-6.2.1.tgz",
         "integrity": "sha512-zwOTdL3rFQ/lRdBnntKVOX6k5cKJwEc1HdilT71BWEu7J41gXIB2MRp+vxduPSwZJPWBxEzv4yH1wYLJGUHX4Q==",
         "dev": true,
         "license": "MIT",
         "dependencies": {
            "universalify": "^2.0.0"
         },
         "optionalDependencies": {
            "graceful-fs": "^4.1.6"
         }
      },
      "node_modules/lru-cache": {
         "version": "11.5.2",
         "resolved": "https://registry.npmjs.org/lru-cache/-/lru-cache-11.5.2.tgz",
         "integrity": "sha512-4pfM1Ff0x50o0tQwb5ucw/RzNyD0/YJME6IVcStalZuMWxdt3sR3huStTtxz4PUmvZfRguvDejasvQ2kifR11g==",
         "dev": true,
         "license": "BlueOak-1.0.0",
         "engines": {
            "node": "20 || >=22"
         }
      },
      "node_modules/minimatch": {
         "version": "10.2.6",
         "resolved": "https://registry.npmjs.org/minimatch/-/minimatch-10.2.6.tgz",
         "integrity": "sha512-vpLQEs+VLCr1nU0BXS07maYoFwlDAH0gngQuuttxIwutDFEMHq2blX+8vpgxDdK3J1PwjCJiep77OitTZ4Ll1A==",
         "dev": true,
         "license": "BlueOak-1.0.0",
         "dependencies": {
            "brace-expansion": "^5.0.8"
         },
         "engines": {
            "node": "18 || 20 || >=22"
         },
         "funding": {
            "url": "https://github.com/sponsors/isaacs"
         }
      },
      "node_modules/minipass": {
         "version": "7.1.3",
         "resolved": "https://registry.npmjs.org/minipass/-/minipass-7.1.3.tgz",
         "integrity": "sha512-tEBHqDnIoM/1rXME1zgka9g6Q2lcoCkxHLuc7ODJ5BxbP5d4c2Z5cGgtXAku59200Cx7diuHTOYfSBD8n6mm8A==",
         "dev": true,
         "license": "BlueOak-1.0.0",
         "engines": {
            "node": ">=16 || 14 >=14.17"
         }
      },
      "node_modules/minizlib": {
         "version": "3.1.0",
         "resolved": "https://registry.npmjs.org/minizlib/-/minizlib-3.1.0.tgz",
         "integrity": "sha512-KZxYo1BUkWD2TVFLr0MQoM8vUUigWD3LlD83a/75BqC+4qE0Hb1Vo5v1FgcfaNXvfXzr+5EhQ6ing/CaBijTlw==",
         "dev": true,
         "license": "MIT",
         "dependencies": {
            "minipass": "^7.1.2"
         },
         "engines": {
            "node": ">= 18"
         }
      },
      "node_modules/node-int64": {
         "version": "0.4.0",
         "resolved": "https://registry.npmjs.org/node-int64/-/node-int64-0.4.0.tgz",
         "integrity": "sha512-O5lz91xSOeoXP6DulyHfllpq+Eg00MWitZIbtPfoSEvqIHdl5gfcY6hYzDWnj0qD5tz52PI08u9qUvSVeUBeHw==",
         "dev": true,
         "license": "MIT"
      },
      "node_modules/package-json-from-dist": {
         "version": "1.0.1",
         "resolved": "https://registry.npmjs.org/package-json-from-dist/-/package-json-from-dist-1.0.1.tgz",
         "integrity": "sha512-UEZIS3/by4OC8vL3P2dTXRETpebLI2NiI5vIrjaD/5UtrkFX/tNbwjTSRAGC/+7CAo2pIcBaRgWmcBBHcsaCIw==",
         "dev": true,
         "license": "BlueOak-1.0.0"
      },
      "node_modules/path-scurry": {
         "version": "2.0.2",
         "resolved": "https://registry.npmjs.org/path-scurry/-/path-scurry-2.0.2.tgz",
         "integrity": "sha512-3O/iVVsJAPsOnpwWIeD+d6z/7PmqApyQePUtCndjatj/9I5LylHvt5qluFaBT3I5h3r1ejfR056c+FCv+NnNXg==",
         "dev": true,
         "license": "BlueOak-1.0.0",
         "dependencies": {
            "lru-cache": "^11.0.0",
            "minipass": "^7.1.2"
         },
         "engines": {
            "node": "18 || 20 || >=22"
         },
         "funding": {
            "url": "https://github.com/sponsors/isaacs"
         }
      },
      "node_modules/process-nextick-args": {
         "version": "2.0.1",
         "resolved": "https://registry.npmjs.org/process-nextick-args/-/process-nextick-args-2.0.1.tgz",
         "integrity": "sha512-3ouUOpQhtgrbOa17J7+uxOTpITYWaGP7/AhoR3+A+/1e9skrzelGi/dXzEYyvbxubEF6Wn2ypscTKiKJFFn1ag==",
         "dev": true,
         "license": "MIT"
      },
      "node_modules/readable-stream": {
         "version": "2.3.8",
         "resolved": "https://registry.npmjs.org/readable-stream/-/readable-stream-2.3.8.tgz",
         "integrity": "sha512-8p0AUk4XODgIewSi0l8Epjs+EVnWiK7NoDIEGU0HhE7+ZyY8D1IMY7odu5lRrFXGg71L15KG8QrPmum45RTtdA==",
         "dev": true,
         "license": "MIT",
         "dependencies": {
            "core-util-is": "~1.0.0",
            "inherits": "~2.0.3",
            "isarray": "~1.0.0",
            "process-nextick-args": "~2.0.0",
            "safe-buffer": "~5.1.1",
            "string_decoder": "~1.1.1",
            "util-deprecate": "~1.0.1"
         }
      },
      "node_modules/rimraf": {
         "version": "6.1.3",
         "resolved": "https://registry.npmjs.org/rimraf/-/rimraf-6.1.3.tgz",
         "integrity": "sha512-LKg+Cr2ZF61fkcaK1UdkH2yEBBKnYjTyWzTJT6KNPcSPaiT7HSdhtMXQuN5wkTX0Xu72KQ1l8S42rlmexS2hSA==",
         "dev": true,
         "license": "BlueOak-1.0.0",
         "dependencies": {
            "glob": "^13.0.3",
            "package-json-from-dist": "^1.0.1"
         },
         "bin": {
            "rimraf": "dist/esm/bin.mjs"
         },
         "engines": {
            "node": "20 || >=22"
         },
         "funding": {
            "url": "https://github.com/sponsors/isaacs"
         }
      },
      "node_modules/safe-buffer": {
         "version": "5.1.2",
         "resolved": "https://registry.npmjs.org/safe-buffer/-/safe-buffer-5.1.2.tgz",
         "integrity": "sha512-Gd2UZBJDkXlY7GbJxfsE8/nvKkUEU1G38c1siN6QP6a9PT9MmHB8GnpscSmMJSoF8LOIrt8ud/wPtojys4G6+g==",
         "dev": true,
         "license": "MIT"
      },
      "node_modules/string_decoder": {
         "version": "1.1.1",
         "resolved": "https://registry.npmjs.org/string_decoder/-/string_decoder-1.1.1.tgz",
         "integrity": "sha512-n/ShnvDi6FHbbVfviro+WojiFzv+s8MPMHBczVePfUpDJLwoLT0ht1l4YwBCbi8pJAveEEdnkHyPyTP/mzRfwg==",
         "dev": true,
         "license": "MIT",
         "dependencies": {
            "safe-buffer": "~5.1.0"
         }
      },
      "node_modules/tar": {
         "version": "7.5.22",
         "resolved": "https://registry.npmjs.org/tar/-/tar-7.5.22.tgz",
         "integrity": "sha512-MFO/QzvtAOmJbkhOaCTvbGcFN9L9b+JunIsDwaKljSOdcLMea3NJ1k9Usz/rjdfSXTq4dfzfeS7W4p4YOAAHeA==",
         "dev": true,
         "license": "BlueOak-1.0.0",
         "dependencies": {
            "@isaacs/fs-minipass": "^4.0.0",
            "chownr": "^3.0.0",
            "minipass": "^7.1.2",
            "minizlib": "^3.1.0",
            "yallist": "^5.0.0"
         },
         "engines": {
            "node": ">=18"
         }
      },
      "node_modules/universalify": {
         "version": "2.0.1",
         "resolved": "https://registry.npmjs.org/universalify/-/universalify-2.0.1.tgz",
         "integrity": "sha512-gptHNQghINnc/vTGIk0SOFGFNXw7JVrlRUtConJRlvaw6DuX0wO5Jeko9sWrMBhh+PsYAZ7oXAiOnf/UKogyiw==",
         "dev": true,
         "license": "MIT",
         "engines": {
            "node": ">= 10.0.0"
         }
      },
      "node_modules/unzipper": {
         "version": "0.12.5",
         "resolved": "https://registry.npmjs.org/unzipper/-/unzipper-0.12.5.tgz",
         "integrity": "sha512-tXYOi9R57Uj/2Z25SOs5RRSzq886MBQj2gY8dPL+xl/kv6s6SvByoKfAtvfVeEuhntWDgjd2o9p2lb4TVPAz0A==",
         "dev": true,
         "license": "MIT",
         "dependencies": {
            "bluebird": "~3.7.2",
            "duplexer2": "~0.1.4",
            "fs-extra": "11.3.1",
            "graceful-fs": "^4.2.2",
            "node-int64": "^0.4.0"
         }
      },
      "node_modules/util-deprecate": {
         "version": "1.0.2",
         "resolved": "https://registry.npmjs.org/util-deprecate/-/util-deprecate-1.0.2.tgz",
         "integrity": "sha512-EPD5q1uXyFxJpCrLnCc1nHnq3gOa6DZBocAIiI2TaSCA7VCJ1UJDMagCzIkXNsUYfD1daK//LTEQ8xiIbrHtcw==",
         "dev": true,
         "license": "MIT"
      },
      "node_modules/yallist": {
         "version": "5.0.0",
         "resolved": "https://registry.npmjs.org/yallist/-/yallist-5.0.0.tgz",
         "integrity": "sha512-YgvUTfwqyc7UXVMrB+SImsVYSmTS8X/tSrtdNZMImM+n7+QTriRXyXim0mBrTXNeqzVF0KWGgHPeiyViFFrNDw==",
         "dev": true,
         "license": "BlueOak-1.0.0",
         "engines": {
            "node": ">=18"
         }
      }
   }
}
